
Microsoft Visual Studio Solution File, Format Version 10.00
# Visual C++ Express 2008
Project("{8BC9CEB8-8B4A-11D0-8D11-00A0C91BC942}") = "Prova", "Prova\Prova.vcproj", "{6ACA8773-0EB3-4251-8707-C24FBC64BC1F}"
EndProject
Global
	GlobalSection(SolutionConfigurationPlatforms) = preSolution
		Debug|Win32 = Debug|Win32
		Release|Win32 = Release|Win32
	EndGlobalSection
	GlobalSection(ProjectConfigurationPlatforms) = postSolution
		{6ACA8773-0EB3-4251-8707-C24FBC64BC1F}.Debug|Win32.ActiveCfg = Debug|Win32
		{6ACA8773-0EB3-4251-8707-C24FBC64BC1F}.Debug|Win32.Build.0 = Debug|Win32
		{6ACA8773-0EB3-4251-8707-C24FBC64BC1F}.Release|Win32.ActiveCfg = Release|Win32
		{6ACA8773-0EB3-4251-8707-C24FBC64BC1F}.Release|Win32.Build.0 = Release|Win32
	EndGlobalSection
	GlobalSection(SolutionProperties) = preSolution
		HideSolutionNode = FALSE
	EndGlobalSection
EndGlobal
