
Microsoft Visual Studio Solution File, Format Version 12.00
# Visual Studio 2012
Project("{FAE04EC0-301F-11D3-BF4B-00C04F79EFBC}") = "ConsoleApplication2", "ConsoleApplication2\ConsoleApplication2.csproj", "{F1AA4766-623E-4C61-B94E-BFD05C4E04C5}"
EndProject
Global
	GlobalSection(SolutionConfigurationPlatforms) = preSolution
		Debug|Any CPU = Debug|Any CPU
		Release|Any CPU = Release|Any CPU
	EndGlobalSection
	GlobalSection(ProjectConfigurationPlatforms) = postSolution
		{F1AA4766-623E-4C61-B94E-BFD05C4E04C5}.Debug|Any CPU.ActiveCfg = Debug|Any CPU
		{F1AA4766-623E-4C61-B94E-BFD05C4E04C5}.Debug|Any CPU.Build.0 = Debug|Any CPU
		{F1AA4766-623E-4C61-B94E-BFD05C4E04C5}.Release|Any CPU.ActiveCfg = Release|Any CPU
		{F1AA4766-623E-4C61-B94E-BFD05C4E04C5}.Release|Any CPU.Build.0 = Release|Any CPU
	EndGlobalSection
	GlobalSection(SolutionProperties) = preSolution
		HideSolutionNode = FALSE
	EndGlobalSection
EndGlobal
